
Microsoft Visual Studio Solution File, Format Version 12.00
# Visual Studio 15
Project("{FAE04EC0-301F-11D3-BF4B-00C04F79EFBC}") = "BasketBallUnityCSharp", "BasketBallUnityCSharp.csproj", "{913F64D6-849C-42B4-739B-9F14F8ED55E0}"
EndProject
Project("{FAE04EC0-301F-11D3-BF4B-00C04F79EFBC}") = "BasketBallUnityCSharp.Plugins", "BasketBallUnityCSharp.Plugins.csproj", "{A77ED984-592D-5BD4-811C-83E1571177B7}"
EndProject
Project("{FAE04EC0-301F-11D3-BF4B-00C04F79EFBC}") = "BasketBallUnityCSharp.Editor.Plugins", "BasketBallUnityCSharp.Editor.Plugins.csproj", "{C01C5107-A6D6-1391-FEC7-08698F3FADD8}"
EndProject
Global
	GlobalSection(SolutionConfigurationPlatforms) = preSolution
		Debug|Any CPU = Debug|Any CPU
		Release|Any CPU = Release|Any CPU
	EndGlobalSection
	GlobalSection(ProjectConfigurationPlatforms) = postSolution
		{913F64D6-849C-42B4-739B-9F14F8ED55E0}.Debug|Any CPU.ActiveCfg = Debug|Any CPU
		{913F64D6-849C-42B4-739B-9F14F8ED55E0}.Debug|Any CPU.Build.0 = Debug|Any CPU
		{913F64D6-849C-42B4-739B-9F14F8ED55E0}.Release|Any CPU.ActiveCfg = Release|Any CPU
		{913F64D6-849C-42B4-739B-9F14F8ED55E0}.Release|Any CPU.Build.0 = Release|Any CPU
		{A77ED984-592D-5BD4-811C-83E1571177B7}.Debug|Any CPU.ActiveCfg = Debug|Any CPU
		{A77ED984-592D-5BD4-811C-83E1571177B7}.Debug|Any CPU.Build.0 = Debug|Any CPU
		{A77ED984-592D-5BD4-811C-83E1571177B7}.Release|Any CPU.ActiveCfg = Release|Any CPU
		{A77ED984-592D-5BD4-811C-83E1571177B7}.Release|Any CPU.Build.0 = Release|Any CPU
		{C01C5107-A6D6-1391-FEC7-08698F3FADD8}.Debug|Any CPU.ActiveCfg = Debug|Any CPU
		{C01C5107-A6D6-1391-FEC7-08698F3FADD8}.Debug|Any CPU.Build.0 = Debug|Any CPU
		{C01C5107-A6D6-1391-FEC7-08698F3FADD8}.Release|Any CPU.ActiveCfg = Release|Any CPU
		{C01C5107-A6D6-1391-FEC7-08698F3FADD8}.Release|Any CPU.Build.0 = Release|Any CPU
	EndGlobalSection
	GlobalSection(SolutionProperties) = preSolution
		HideSolutionNode = FALSE
	EndGlobalSection
EndGlobal
