
Microsoft Visual Studio Solution File, Format Version 11.00
# Visual Studio 2010
Project("{FAE04EC0-301F-11D3-BF4B-00C04F79EFBC}") = "Assembly-CSharp", "Assembly-CSharp.csproj", "{C9E07BAB-1552-9D50-93C9-F56855078BC5}"
EndProject
Project("{FAE04EC0-301F-11D3-BF4B-00C04F79EFBC}") = "Assembly-CSharp-firstpass", "Assembly-CSharp-firstpass.csproj", "{52B13F70-DADF-3A2C-9D1F-F24E53B1B9FA}"
EndProject
Project("{FAE04EC0-301F-11D3-BF4B-00C04F79EFBC}") = "Assembly-CSharp-Editor-firstpass", "Assembly-CSharp-Editor-firstpass.csproj", "{F3408001-E37B-60F2-6F94-58E15D1217F8}"
EndProject
Global
	GlobalSection(SolutionConfigurationPlatforms) = preSolution
		Debug|Any CPU = Debug|Any CPU
		Release|Any CPU = Release|Any CPU
	EndGlobalSection
	GlobalSection(ProjectConfigurationPlatforms) = postSolution
		{C9E07BAB-1552-9D50-93C9-F56855078BC5}.Debug|Any CPU.ActiveCfg = Debug|Any CPU
		{C9E07BAB-1552-9D50-93C9-F56855078BC5}.Debug|Any CPU.Build.0 = Debug|Any CPU
		{C9E07BAB-1552-9D50-93C9-F56855078BC5}.Release|Any CPU.ActiveCfg = Release|Any CPU
		{C9E07BAB-1552-9D50-93C9-F56855078BC5}.Release|Any CPU.Build.0 = Release|Any CPU
		{52B13F70-DADF-3A2C-9D1F-F24E53B1B9FA}.Debug|Any CPU.ActiveCfg = Debug|Any CPU
		{52B13F70-DADF-3A2C-9D1F-F24E53B1B9FA}.Debug|Any CPU.Build.0 = Debug|Any CPU
		{52B13F70-DADF-3A2C-9D1F-F24E53B1B9FA}.Release|Any CPU.ActiveCfg = Release|Any CPU
		{52B13F70-DADF-3A2C-9D1F-F24E53B1B9FA}.Release|Any CPU.Build.0 = Release|Any CPU
		{F3408001-E37B-60F2-6F94-58E15D1217F8}.Debug|Any CPU.ActiveCfg = Debug|Any CPU
		{F3408001-E37B-60F2-6F94-58E15D1217F8}.Debug|Any CPU.Build.0 = Debug|Any CPU
		{F3408001-E37B-60F2-6F94-58E15D1217F8}.Release|Any CPU.ActiveCfg = Release|Any CPU
		{F3408001-E37B-60F2-6F94-58E15D1217F8}.Release|Any CPU.Build.0 = Release|Any CPU
	EndGlobalSection
	GlobalSection(SolutionProperties) = preSolution
		HideSolutionNode = FALSE
	EndGlobalSection
	GlobalSection(MonoDevelopProperties) = preSolution
		StartupItem = Assembly-CSharp.csproj
	EndGlobalSection
EndGlobal
